
Microsoft Visual Studio Solution File, Format Version 12.00
# Visual Studio Version 17
VisualStudioVersion = 17.0.31903.59
MinimumVisualStudioVersion = 10.0.40219.1
Project("{2150E333-8FDC-42A3-9474-1A3956D46DE8}") = "Server", "Server", "{DAD03CFC-D5FA-AC94-41C7-9ABAB326F09E}"
EndProject
Project("{FAE04EC0-301F-11D3-BF4B-00C04F79EFBC}") = "IMSystem.Server.Web", "src\server\IMSystem.Server.Web\IMSystem.Server.Web.csproj", "{4D81805C-AED4-4699-A81C-32340D56E4D3}"
EndProject
Project("{FAE04EC0-301F-11D3-BF4B-00C04F79EFBC}") = "IMSystem.Server.Core", "src\server\IMSystem.Server.Core\IMSystem.Server.Core.csproj", "{D609B633-6DFF-4D67-9D15-AE8C63D06108}"
EndProject
Project("{FAE04EC0-301F-11D3-BF4B-00C04F79EFBC}") = "IMSystem.Server.Infrastructure", "src\server\IMSystem.Server.Infrastructure\IMSystem.Server.Infrastructure.csproj", "{1454D874-EE2F-4EEA-96A3-A3A9961F3770}"
EndProject
Project("{FAE04EC0-301F-11D3-BF4B-00C04F79EFBC}") = "IMSystem.Server.Domain", "src\server\IMSystem.Server.Domain\IMSystem.Server.Domain.csproj", "{88E0BFD1-D86E-4D57-A542-E545C44EAB6E}"
EndProject
Project("{2150E333-8FDC-42A3-9474-1A3956D46DE8}") = "Shared", "Shared", "{4F52FD11-658E-A102-6CD3-7D7C16FFA15B}"
EndProject
Project("{FAE04EC0-301F-11D3-BF4B-00C04F79EFBC}") = "IMSystem.Protocol", "src\shared\IMSystem.Protocol\IMSystem.Protocol.csproj", "{7FFC23E5-A28D-4C0E-A329-595AE0906077}"
EndProject
Project("{2150E333-8FDC-42A3-9474-1A3956D46DE8}") = "Client", "Client", "{2CB42F12-E813-91B3-7D11-3220E40BEF4A}"
EndProject
Project("{FAE04EC0-301F-11D3-BF4B-00C04F79EFBC}") = "IMSystem.Client.Core", "src\Client\IMSystem.Client.Core\IMSystem.Client.Core.csproj", "{6299A9CF-CAF7-4417-9FDC-8BF649DAD431}"
EndProject
Project("{FAE04EC0-301F-11D3-BF4B-00C04F79EFBC}") = "IMSystem.Client.Common", "src\Client\IMSystem.Client.Common\IMSystem.Client.Common.csproj", "{3945C741-E305-4FB3-8921-3CA328F25241}"
EndProject
Project("{FAE04EC0-301F-11D3-BF4B-00C04F79EFBC}") = "IMSystem.Client.Ui", "src\Client\IMSystem.Client.Ui\IMSystem.Client.Ui.csproj", "{B293BE43-8176-48F5-A7D3-5DB73DA65707}"
EndProject
Global
	GlobalSection(SolutionConfigurationPlatforms) = preSolution
		Debug|Any CPU = Debug|Any CPU
		Debug|x64 = Debug|x64
		Debug|x86 = Debug|x86
		Release|Any CPU = Release|Any CPU
		Release|x64 = Release|x64
		Release|x86 = Release|x86
	EndGlobalSection
	GlobalSection(ProjectConfigurationPlatforms) = postSolution
		{4D81805C-AED4-4699-A81C-32340D56E4D3}.Debug|Any CPU.ActiveCfg = Debug|Any CPU
		{4D81805C-AED4-4699-A81C-32340D56E4D3}.Debug|Any CPU.Build.0 = Debug|Any CPU
		{4D81805C-AED4-4699-A81C-32340D56E4D3}.Debug|x64.ActiveCfg = Debug|Any CPU
		{4D81805C-AED4-4699-A81C-32340D56E4D3}.Debug|x64.Build.0 = Debug|Any CPU
		{4D81805C-AED4-4699-A81C-32340D56E4D3}.Debug|x86.ActiveCfg = Debug|Any CPU
		{4D81805C-AED4-4699-A81C-32340D56E4D3}.Debug|x86.Build.0 = Debug|Any CPU
		{4D81805C-AED4-4699-A81C-32340D56E4D3}.Release|Any CPU.ActiveCfg = Release|Any CPU
		{4D81805C-AED4-4699-A81C-32340D56E4D3}.Release|Any CPU.Build.0 = Release|Any CPU
		{4D81805C-AED4-4699-A81C-32340D56E4D3}.Release|x64.ActiveCfg = Release|Any CPU
		{4D81805C-AED4-4699-A81C-32340D56E4D3}.Release|x64.Build.0 = Release|Any CPU
		{4D81805C-AED4-4699-A81C-32340D56E4D3}.Release|x86.ActiveCfg = Release|Any CPU
		{4D81805C-AED4-4699-A81C-32340D56E4D3}.Release|x86.Build.0 = Release|Any CPU
		{D609B633-6DFF-4D67-9D15-AE8C63D06108}.Debug|Any CPU.ActiveCfg = Debug|Any CPU
		{D609B633-6DFF-4D67-9D15-AE8C63D06108}.Debug|Any CPU.Build.0 = Debug|Any CPU
		{D609B633-6DFF-4D67-9D15-AE8C63D06108}.Debug|x64.ActiveCfg = Debug|Any CPU
		{D609B633-6DFF-4D67-9D15-AE8C63D06108}.Debug|x64.Build.0 = Debug|Any CPU
		{D609B633-6DFF-4D67-9D15-AE8C63D06108}.Debug|x86.ActiveCfg = Debug|Any CPU
		{D609B633-6DFF-4D67-9D15-AE8C63D06108}.Debug|x86.Build.0 = Debug|Any CPU
		{D609B633-6DFF-4D67-9D15-AE8C63D06108}.Release|Any CPU.ActiveCfg = Release|Any CPU
		{D609B633-6DFF-4D67-9D15-AE8C63D06108}.Release|Any CPU.Build.0 = Release|Any CPU
		{D609B633-6DFF-4D67-9D15-AE8C63D06108}.Release|x64.ActiveCfg = Release|Any CPU
		{D609B633-6DFF-4D67-9D15-AE8C63D06108}.Release|x64.Build.0 = Release|Any CPU
		{D609B633-6DFF-4D67-9D15-AE8C63D06108}.Release|x86.ActiveCfg = Release|Any CPU
		{D609B633-6DFF-4D67-9D15-AE8C63D06108}.Release|x86.Build.0 = Release|Any CPU
		{1454D874-EE2F-4EEA-96A3-A3A9961F3770}.Debug|Any CPU.ActiveCfg = Debug|Any CPU
		{1454D874-EE2F-4EEA-96A3-A3A9961F3770}.Debug|Any CPU.Build.0 = Debug|Any CPU
		{1454D874-EE2F-4EEA-96A3-A3A9961F3770}.Debug|x64.ActiveCfg = Debug|Any CPU
		{1454D874-EE2F-4EEA-96A3-A3A9961F3770}.Debug|x64.Build.0 = Debug|Any CPU
		{1454D874-EE2F-4EEA-96A3-A3A9961F3770}.Debug|x86.ActiveCfg = Debug|Any CPU
		{1454D874-EE2F-4EEA-96A3-A3A9961F3770}.Debug|x86.Build.0 = Debug|Any CPU
		{1454D874-EE2F-4EEA-96A3-A3A9961F3770}.Release|Any CPU.ActiveCfg = Release|Any CPU
		{1454D874-EE2F-4EEA-96A3-A3A9961F3770}.Release|Any CPU.Build.0 = Release|Any CPU
		{1454D874-EE2F-4EEA-96A3-A3A9961F3770}.Release|x64.ActiveCfg = Release|Any CPU
		{1454D874-EE2F-4EEA-96A3-A3A9961F3770}.Release|x64.Build.0 = Release|Any CPU
		{1454D874-EE2F-4EEA-96A3-A3A9961F3770}.Release|x86.ActiveCfg = Release|Any CPU
		{1454D874-EE2F-4EEA-96A3-A3A9961F3770}.Release|x86.Build.0 = Release|Any CPU
		{88E0BFD1-D86E-4D57-A542-E545C44EAB6E}.Debug|Any CPU.ActiveCfg = Debug|Any CPU
		{88E0BFD1-D86E-4D57-A542-E545C44EAB6E}.Debug|Any CPU.Build.0 = Debug|Any CPU
		{88E0BFD1-D86E-4D57-A542-E545C44EAB6E}.Debug|x64.ActiveCfg = Debug|Any CPU
		{88E0BFD1-D86E-4D57-A542-E545C44EAB6E}.Debug|x64.Build.0 = Debug|Any CPU
		{88E0BFD1-D86E-4D57-A542-E545C44EAB6E}.Debug|x86.ActiveCfg = Debug|Any CPU
		{88E0BFD1-D86E-4D57-A542-E545C44EAB6E}.Debug|x86.Build.0 = Debug|Any CPU
		{88E0BFD1-D86E-4D57-A542-E545C44EAB6E}.Release|Any CPU.ActiveCfg = Release|Any CPU
		{88E0BFD1-D86E-4D57-A542-E545C44EAB6E}.Release|Any CPU.Build.0 = Release|Any CPU
		{88E0BFD1-D86E-4D57-A542-E545C44EAB6E}.Release|x64.ActiveCfg = Release|Any CPU
		{88E0BFD1-D86E-4D57-A542-E545C44EAB6E}.Release|x64.Build.0 = Release|Any CPU
		{88E0BFD1-D86E-4D57-A542-E545C44EAB6E}.Release|x86.ActiveCfg = Release|Any CPU
		{88E0BFD1-D86E-4D57-A542-E545C44EAB6E}.Release|x86.Build.0 = Release|Any CPU
		{7FFC23E5-A28D-4C0E-A329-595AE0906077}.Debug|Any CPU.ActiveCfg = Debug|Any CPU
		{7FFC23E5-A28D-4C0E-A329-595AE0906077}.Debug|Any CPU.Build.0 = Debug|Any CPU
		{7FFC23E5-A28D-4C0E-A329-595AE0906077}.Debug|x64.ActiveCfg = Debug|Any CPU
		{7FFC23E5-A28D-4C0E-A329-595AE0906077}.Debug|x64.Build.0 = Debug|Any CPU
		{7FFC23E5-A28D-4C0E-A329-595AE0906077}.Debug|x86.ActiveCfg = Debug|Any CPU
		{7FFC23E5-A28D-4C0E-A329-595AE0906077}.Debug|x86.Build.0 = Debug|Any CPU
		{7FFC23E5-A28D-4C0E-A329-595AE0906077}.Release|Any CPU.ActiveCfg = Release|Any CPU
		{7FFC23E5-A28D-4C0E-A329-595AE0906077}.Release|Any CPU.Build.0 = Release|Any CPU
		{7FFC23E5-A28D-4C0E-A329-595AE0906077}.Release|x64.ActiveCfg = Release|Any CPU
		{7FFC23E5-A28D-4C0E-A329-595AE0906077}.Release|x64.Build.0 = Release|Any CPU
		{7FFC23E5-A28D-4C0E-A329-595AE0906077}.Release|x86.ActiveCfg = Release|Any CPU
		{7FFC23E5-A28D-4C0E-A329-595AE0906077}.Release|x86.Build.0 = Release|Any CPU
		{6299A9CF-CAF7-4417-9FDC-8BF649DAD431}.Debug|Any CPU.ActiveCfg = Debug|Any CPU
		{6299A9CF-CAF7-4417-9FDC-8BF649DAD431}.Debug|Any CPU.Build.0 = Debug|Any CPU
		{6299A9CF-CAF7-4417-9FDC-8BF649DAD431}.Debug|x64.ActiveCfg = Debug|Any CPU
		{6299A9CF-CAF7-4417-9FDC-8BF649DAD431}.Debug|x64.Build.0 = Debug|Any CPU
		{6299A9CF-CAF7-4417-9FDC-8BF649DAD431}.Debug|x86.ActiveCfg = Debug|Any CPU
		{6299A9CF-CAF7-4417-9FDC-8BF649DAD431}.Debug|x86.Build.0 = Debug|Any CPU
		{6299A9CF-CAF7-4417-9FDC-8BF649DAD431}.Release|Any CPU.ActiveCfg = Release|Any CPU
		{6299A9CF-CAF7-4417-9FDC-8BF649DAD431}.Release|Any CPU.Build.0 = Release|Any CPU
		{6299A9CF-CAF7-4417-9FDC-8BF649DAD431}.Release|x64.ActiveCfg = Release|Any CPU
		{6299A9CF-CAF7-4417-9FDC-8BF649DAD431}.Release|x64.Build.0 = Release|Any CPU
		{6299A9CF-CAF7-4417-9FDC-8BF649DAD431}.Release|x86.ActiveCfg = Release|Any CPU
		{6299A9CF-CAF7-4417-9FDC-8BF649DAD431}.Release|x86.Build.0 = Release|Any CPU
		{3945C741-E305-4FB3-8921-3CA328F25241}.Debug|Any CPU.ActiveCfg = Debug|Any CPU
		{3945C741-E305-4FB3-8921-3CA328F25241}.Debug|Any CPU.Build.0 = Debug|Any CPU
		{3945C741-E305-4FB3-8921-3CA328F25241}.Debug|x64.ActiveCfg = Debug|Any CPU
		{3945C741-E305-4FB3-8921-3CA328F25241}.Debug|x64.Build.0 = Debug|Any CPU
		{3945C741-E305-4FB3-8921-3CA328F25241}.Debug|x86.ActiveCfg = Debug|Any CPU
		{3945C741-E305-4FB3-8921-3CA328F25241}.Debug|x86.Build.0 = Debug|Any CPU
		{3945C741-E305-4FB3-8921-3CA328F25241}.Release|Any CPU.ActiveCfg = Release|Any CPU
		{3945C741-E305-4FB3-8921-3CA328F25241}.Release|Any CPU.Build.0 = Release|Any CPU
		{3945C741-E305-4FB3-8921-3CA328F25241}.Release|x64.ActiveCfg = Release|Any CPU
		{3945C741-E305-4FB3-8921-3CA328F25241}.Release|x64.Build.0 = Release|Any CPU
		{3945C741-E305-4FB3-8921-3CA328F25241}.Release|x86.ActiveCfg = Release|Any CPU
		{3945C741-E305-4FB3-8921-3CA328F25241}.Release|x86.Build.0 = Release|Any CPU
		{B293BE43-8176-48F5-A7D3-5DB73DA65707}.Debug|Any CPU.ActiveCfg = Debug|Any CPU
		{B293BE43-8176-48F5-A7D3-5DB73DA65707}.Debug|Any CPU.Build.0 = Debug|Any CPU
		{B293BE43-8176-48F5-A7D3-5DB73DA65707}.Debug|x64.ActiveCfg = Debug|Any CPU
		{B293BE43-8176-48F5-A7D3-5DB73DA65707}.Debug|x64.Build.0 = Debug|Any CPU
		{B293BE43-8176-48F5-A7D3-5DB73DA65707}.Debug|x86.ActiveCfg = Debug|Any CPU
		{B293BE43-8176-48F5-A7D3-5DB73DA65707}.Debug|x86.Build.0 = Debug|Any CPU
		{B293BE43-8176-48F5-A7D3-5DB73DA65707}.Release|Any CPU.ActiveCfg = Release|Any CPU
		{B293BE43-8176-48F5-A7D3-5DB73DA65707}.Release|Any CPU.Build.0 = Release|Any CPU
		{B293BE43-8176-48F5-A7D3-5DB73DA65707}.Release|x64.ActiveCfg = Release|Any CPU
		{B293BE43-8176-48F5-A7D3-5DB73DA65707}.Release|x64.Build.0 = Release|Any CPU
		{B293BE43-8176-48F5-A7D3-5DB73DA65707}.Release|x86.ActiveCfg = Release|Any CPU
		{B293BE43-8176-48F5-A7D3-5DB73DA65707}.Release|x86.Build.0 = Release|Any CPU
	EndGlobalSection
	GlobalSection(SolutionProperties) = preSolution
		HideSolutionNode = FALSE
	EndGlobalSection
	GlobalSection(NestedProjects) = preSolution
		{4D81805C-AED4-4699-A81C-32340D56E4D3} = {DAD03CFC-D5FA-AC94-41C7-9ABAB326F09E}
		{D609B633-6DFF-4D67-9D15-AE8C63D06108} = {DAD03CFC-D5FA-AC94-41C7-9ABAB326F09E}
		{1454D874-EE2F-4EEA-96A3-A3A9961F3770} = {DAD03CFC-D5FA-AC94-41C7-9ABAB326F09E}
		{88E0BFD1-D86E-4D57-A542-E545C44EAB6E} = {DAD03CFC-D5FA-AC94-41C7-9ABAB326F09E}
		{7FFC23E5-A28D-4C0E-A329-595AE0906077} = {4F52FD11-658E-A102-6CD3-7D7C16FFA15B}
		{6299A9CF-CAF7-4417-9FDC-8BF649DAD431} = {2CB42F12-E813-91B3-7D11-3220E40BEF4A}
		{3945C741-E305-4FB3-8921-3CA328F25241} = {2CB42F12-E813-91B3-7D11-3220E40BEF4A}
		{B293BE43-8176-48F5-A7D3-5DB73DA65707} = {2CB42F12-E813-91B3-7D11-3220E40BEF4A}
	EndGlobalSection
	GlobalSection(ExtensibilityGlobals) = postSolution
		SolutionGuid = {2A91BB05-195C-43E8-8F5A-CE942E2B1DCD}
	EndGlobalSection
EndGlobal
